
Microsoft Visual Studio Solution File, Format Version 12.00
# Visual Studio Version 17
VisualStudioVersion = 17.9.34723.18
MinimumVisualStudioVersion = 10.0.40219.1
Project("{FAE04EC0-301F-11D3-BF4B-00C04F79EFBC}") = "Library", "Library\Library.csproj", "{43448723-6D90-41C8-BE61-C331BF0D54F8}"
EndProject
Project("{FAE04EC0-301F-11D3-BF4B-00C04F79EFBC}") = "Library2", "Library2\Library2.csproj", "{721642A7-D949-498B-BFC1-C3F03F5DC2A4}"
EndProject
Project("{FAE04EC0-301F-11D3-BF4B-00C04F79EFBC}") = "Academy", "Academy\Academy.csproj", "{1677FCEE-AD73-4B5F-BF0C-7975891DC54D}"
EndProject
Project("{FAE04EC0-301F-11D3-BF4B-00C04F79EFBC}") = "AcademyDataSet", "AcademyDataSet\AcademyDataSet.csproj", "{44454F11-9531-48C1-9AAC-394A9AA876A5}"
EndProject
Global
	GlobalSection(SolutionConfigurationPlatforms) = preSolution
		Debug|Any CPU = Debug|Any CPU
		Release|Any CPU = Release|Any CPU
	EndGlobalSection
	GlobalSection(ProjectConfigurationPlatforms) = postSolution
		{43448723-6D90-41C8-BE61-C331BF0D54F8}.Debug|Any CPU.ActiveCfg = Debug|Any CPU
		{43448723-6D90-41C8-BE61-C331BF0D54F8}.Debug|Any CPU.Build.0 = Debug|Any CPU
		{43448723-6D90-41C8-BE61-C331BF0D54F8}.Release|Any CPU.ActiveCfg = Release|Any CPU
		{43448723-6D90-41C8-BE61-C331BF0D54F8}.Release|Any CPU.Build.0 = Release|Any CPU
		{721642A7-D949-498B-BFC1-C3F03F5DC2A4}.Debug|Any CPU.ActiveCfg = Debug|Any CPU
		{721642A7-D949-498B-BFC1-C3F03F5DC2A4}.Debug|Any CPU.Build.0 = Debug|Any CPU
		{721642A7-D949-498B-BFC1-C3F03F5DC2A4}.Release|Any CPU.ActiveCfg = Release|Any CPU
		{721642A7-D949-498B-BFC1-C3F03F5DC2A4}.Release|Any CPU.Build.0 = Release|Any CPU
		{1677FCEE-AD73-4B5F-BF0C-7975891DC54D}.Debug|Any CPU.ActiveCfg = Debug|Any CPU
		{1677FCEE-AD73-4B5F-BF0C-7975891DC54D}.Debug|Any CPU.Build.0 = Debug|Any CPU
		{1677FCEE-AD73-4B5F-BF0C-7975891DC54D}.Release|Any CPU.ActiveCfg = Release|Any CPU
		{1677FCEE-AD73-4B5F-BF0C-7975891DC54D}.Release|Any CPU.Build.0 = Release|Any CPU
		{44454F11-9531-48C1-9AAC-394A9AA876A5}.Debug|Any CPU.ActiveCfg = Debug|Any CPU
		{44454F11-9531-48C1-9AAC-394A9AA876A5}.Debug|Any CPU.Build.0 = Debug|Any CPU
		{44454F11-9531-48C1-9AAC-394A9AA876A5}.Release|Any CPU.ActiveCfg = Release|Any CPU
		{44454F11-9531-48C1-9AAC-394A9AA876A5}.Release|Any CPU.Build.0 = Release|Any CPU
	EndGlobalSection
	GlobalSection(SolutionProperties) = preSolution
		HideSolutionNode = FALSE
	EndGlobalSection
	GlobalSection(ExtensibilityGlobals) = postSolution
		SolutionGuid = {37BBA3D8-E7AF-475B-A501-92B85534E572}
	EndGlobalSection
EndGlobal
